
Microsoft Visual Studio Solution File, Format Version 12.00
# Visual Studio Version 17
VisualStudioVersion = 17.0.31903.59
MinimumVisualStudioVersion = 10.0.40219.1
Project("{FAE04EC0-301F-11D3-BF4B-00C04F79EFBC}") = "AnnalynsInfiltration", "annalyns-infiltration\AnnalynsInfiltration.csproj", "{C65A151F-060B-423F-8A3B-3FB6F586A27D}"
EndProject
Project("{FAE04EC0-301F-11D3-BF4B-00C04F79EFBC}") = "HelloWorld", "hello-world\HelloWorld.csproj", "{858B2E17-2DD7-445D-AF96-B09A17032EC3}"
EndProject
Project("{FAE04EC0-301F-11D3-BF4B-00C04F79EFBC}") = "CarsAssemble", "cars-assemble\CarsAssemble.csproj", "{18B862D1-56D1-4F10-9846-B65F6FD01AD3}"
EndProject
Project("{FAE04EC0-301F-11D3-BF4B-00C04F79EFBC}") = "ElonsToys", "elons-toys\ElonsToys.csproj", "{07DAC575-76C3-4CA4-9440-370B15FA18E6}"
EndProject
Project("{FAE04EC0-301F-11D3-BF4B-00C04F79EFBC}") = "LogAnalysis", "log-analysis\LogAnalysis.csproj", "{612C5F1E-83E0-4D82-94A6-F70BA2636920}"
EndProject
Project("{FAE04EC0-301F-11D3-BF4B-00C04F79EFBC}") = "LogLevels", "log-levels\LogLevels.csproj", "{A2593CA5-E2A1-478E-BC62-167BDC212EA2}"
EndProject
Project("{FAE04EC0-301F-11D3-BF4B-00C04F79EFBC}") = "LuciansLusciousLasagna", "lucians-luscious-lasagna\LuciansLusciousLasagna.csproj", "{A7738EAB-0AD4-4AFB-BED8-16C85777D929}"
EndProject
Project("{FAE04EC0-301F-11D3-BF4B-00C04F79EFBC}") = "PhoneNumberAnalysis", "phone-number-analysis\PhoneNumberAnalysis.csproj", "{DC6AEF19-A3C1-48C2-B85C-DCB3C3B859D4}"
EndProject
Project("{FAE04EC0-301F-11D3-BF4B-00C04F79EFBC}") = "TimFromMarketing", "tim-from-marketing\TimFromMarketing.csproj", "{2F351B13-6280-4F78-8B30-531500763305}"
EndProject
Project("{FAE04EC0-301F-11D3-BF4B-00C04F79EFBC}") = "BirdWatcher", "bird-watcher\BirdWatcher.csproj", "{C1C26BA2-BA61-43D1-BF84-2CE43ECAAED0}"
EndProject
Project("{FAE04EC0-301F-11D3-BF4B-00C04F79EFBC}") = "SqueakyClean", "squeaky-clean\SqueakyClean.csproj", "{B58CAA2E-A8A8-46B8-A58C-667EA22DA8A5}"
EndProject
Project("{FAE04EC0-301F-11D3-BF4B-00C04F79EFBC}") = "InterestIsInteresting", "interest-is-interesting\InterestIsInteresting.csproj", "{223E6D3E-DEBD-4A97-A988-3F3A26608994}"
EndProject
Global
	GlobalSection(SolutionConfigurationPlatforms) = preSolution
		Debug|Any CPU = Debug|Any CPU
		Release|Any CPU = Release|Any CPU
	EndGlobalSection
	GlobalSection(SolutionProperties) = preSolution
		HideSolutionNode = FALSE
	EndGlobalSection
	GlobalSection(ProjectConfigurationPlatforms) = postSolution
		{C65A151F-060B-423F-8A3B-3FB6F586A27D}.Debug|Any CPU.ActiveCfg = Debug|Any CPU
		{C65A151F-060B-423F-8A3B-3FB6F586A27D}.Debug|Any CPU.Build.0 = Debug|Any CPU
		{C65A151F-060B-423F-8A3B-3FB6F586A27D}.Release|Any CPU.ActiveCfg = Release|Any CPU
		{C65A151F-060B-423F-8A3B-3FB6F586A27D}.Release|Any CPU.Build.0 = Release|Any CPU
		{858B2E17-2DD7-445D-AF96-B09A17032EC3}.Debug|Any CPU.ActiveCfg = Debug|Any CPU
		{858B2E17-2DD7-445D-AF96-B09A17032EC3}.Debug|Any CPU.Build.0 = Debug|Any CPU
		{858B2E17-2DD7-445D-AF96-B09A17032EC3}.Release|Any CPU.ActiveCfg = Release|Any CPU
		{858B2E17-2DD7-445D-AF96-B09A17032EC3}.Release|Any CPU.Build.0 = Release|Any CPU
		{18B862D1-56D1-4F10-9846-B65F6FD01AD3}.Debug|Any CPU.ActiveCfg = Debug|Any CPU
		{18B862D1-56D1-4F10-9846-B65F6FD01AD3}.Debug|Any CPU.Build.0 = Debug|Any CPU
		{18B862D1-56D1-4F10-9846-B65F6FD01AD3}.Release|Any CPU.ActiveCfg = Release|Any CPU
		{18B862D1-56D1-4F10-9846-B65F6FD01AD3}.Release|Any CPU.Build.0 = Release|Any CPU
		{07DAC575-76C3-4CA4-9440-370B15FA18E6}.Debug|Any CPU.ActiveCfg = Debug|Any CPU
		{07DAC575-76C3-4CA4-9440-370B15FA18E6}.Debug|Any CPU.Build.0 = Debug|Any CPU
		{07DAC575-76C3-4CA4-9440-370B15FA18E6}.Release|Any CPU.ActiveCfg = Release|Any CPU
		{07DAC575-76C3-4CA4-9440-370B15FA18E6}.Release|Any CPU.Build.0 = Release|Any CPU
		{612C5F1E-83E0-4D82-94A6-F70BA2636920}.Debug|Any CPU.ActiveCfg = Debug|Any CPU
		{612C5F1E-83E0-4D82-94A6-F70BA2636920}.Debug|Any CPU.Build.0 = Debug|Any CPU
		{612C5F1E-83E0-4D82-94A6-F70BA2636920}.Release|Any CPU.ActiveCfg = Release|Any CPU
		{612C5F1E-83E0-4D82-94A6-F70BA2636920}.Release|Any CPU.Build.0 = Release|Any CPU
		{A2593CA5-E2A1-478E-BC62-167BDC212EA2}.Debug|Any CPU.ActiveCfg = Debug|Any CPU
		{A2593CA5-E2A1-478E-BC62-167BDC212EA2}.Debug|Any CPU.Build.0 = Debug|Any CPU
		{A2593CA5-E2A1-478E-BC62-167BDC212EA2}.Release|Any CPU.ActiveCfg = Release|Any CPU
		{A2593CA5-E2A1-478E-BC62-167BDC212EA2}.Release|Any CPU.Build.0 = Release|Any CPU
		{A7738EAB-0AD4-4AFB-BED8-16C85777D929}.Debug|Any CPU.ActiveCfg = Debug|Any CPU
		{A7738EAB-0AD4-4AFB-BED8-16C85777D929}.Debug|Any CPU.Build.0 = Debug|Any CPU
		{A7738EAB-0AD4-4AFB-BED8-16C85777D929}.Release|Any CPU.ActiveCfg = Release|Any CPU
		{A7738EAB-0AD4-4AFB-BED8-16C85777D929}.Release|Any CPU.Build.0 = Release|Any CPU
		{DC6AEF19-A3C1-48C2-B85C-DCB3C3B859D4}.Debug|Any CPU.ActiveCfg = Debug|Any CPU
		{DC6AEF19-A3C1-48C2-B85C-DCB3C3B859D4}.Debug|Any CPU.Build.0 = Debug|Any CPU
		{DC6AEF19-A3C1-48C2-B85C-DCB3C3B859D4}.Release|Any CPU.ActiveCfg = Release|Any CPU
		{DC6AEF19-A3C1-48C2-B85C-DCB3C3B859D4}.Release|Any CPU.Build.0 = Release|Any CPU
		{2F351B13-6280-4F78-8B30-531500763305}.Debug|Any CPU.ActiveCfg = Debug|Any CPU
		{2F351B13-6280-4F78-8B30-531500763305}.Debug|Any CPU.Build.0 = Debug|Any CPU
		{2F351B13-6280-4F78-8B30-531500763305}.Release|Any CPU.ActiveCfg = Release|Any CPU
		{2F351B13-6280-4F78-8B30-531500763305}.Release|Any CPU.Build.0 = Release|Any CPU
		{C1C26BA2-BA61-43D1-BF84-2CE43ECAAED0}.Debug|Any CPU.ActiveCfg = Debug|Any CPU
		{C1C26BA2-BA61-43D1-BF84-2CE43ECAAED0}.Debug|Any CPU.Build.0 = Debug|Any CPU
		{C1C26BA2-BA61-43D1-BF84-2CE43ECAAED0}.Release|Any CPU.ActiveCfg = Release|Any CPU
		{C1C26BA2-BA61-43D1-BF84-2CE43ECAAED0}.Release|Any CPU.Build.0 = Release|Any CPU
		{B58CAA2E-A8A8-46B8-A58C-667EA22DA8A5}.Debug|Any CPU.ActiveCfg = Debug|Any CPU
		{B58CAA2E-A8A8-46B8-A58C-667EA22DA8A5}.Debug|Any CPU.Build.0 = Debug|Any CPU
		{B58CAA2E-A8A8-46B8-A58C-667EA22DA8A5}.Release|Any CPU.ActiveCfg = Release|Any CPU
		{B58CAA2E-A8A8-46B8-A58C-667EA22DA8A5}.Release|Any CPU.Build.0 = Release|Any CPU
		{223E6D3E-DEBD-4A97-A988-3F3A26608994}.Debug|Any CPU.ActiveCfg = Debug|Any CPU
		{223E6D3E-DEBD-4A97-A988-3F3A26608994}.Debug|Any CPU.Build.0 = Debug|Any CPU
		{223E6D3E-DEBD-4A97-A988-3F3A26608994}.Release|Any CPU.ActiveCfg = Release|Any CPU
		{223E6D3E-DEBD-4A97-A988-3F3A26608994}.Release|Any CPU.Build.0 = Release|Any CPU
	EndGlobalSection
EndGlobal
