
Microsoft Visual Studio Solution File, Format Version 12.00
# Visual Studio Version 17
VisualStudioVersion = 17.0.31903.59
MinimumVisualStudioVersion = 10.0.40219.1
Project("{FAE04EC0-301F-11D3-BF4B-00C04F79EFBC}") = "AnnalynsInfiltration", "annalyns-infiltration\AnnalynsInfiltration.csproj", "{C65A151F-060B-423F-8A3B-3FB6F586A27D}"
EndProject
Project("{FAE04EC0-301F-11D3-BF4B-00C04F79EFBC}") = "HelloWorld", "hello-world\HelloWorld.csproj", "{858B2E17-2DD7-445D-AF96-B09A17032EC3}"
EndProject
Project("{FAE04EC0-301F-11D3-BF4B-00C04F79EFBC}") = "CarsAssemble", "cars-assemble\CarsAssemble.csproj", "{18B862D1-56D1-4F10-9846-B65F6FD01AD3}"
EndProject
Project("{FAE04EC0-301F-11D3-BF4B-00C04F79EFBC}") = "ElonsToys", "elons-toys\ElonsToys.csproj", "{07DAC575-76C3-4CA4-9440-370B15FA18E6}"
EndProject
Project("{FAE04EC0-301F-11D3-BF4B-00C04F79EFBC}") = "LogAnalysis", "log-analysis\LogAnalysis.csproj", "{612C5F1E-83E0-4D82-94A6-F70BA2636920}"
EndProject
Project("{FAE04EC0-301F-11D3-BF4B-00C04F79EFBC}") = "LogLevels", "log-levels\LogLevels.csproj", "{A2593CA5-E2A1-478E-BC62-167BDC212EA2}"
EndProject
Project("{FAE04EC0-301F-11D3-BF4B-00C04F79EFBC}") = "LuciansLusciousLasagna", "lucians-luscious-lasagna\LuciansLusciousLasagna.csproj", "{A7738EAB-0AD4-4AFB-BED8-16C85777D929}"
EndProject
Project("{FAE04EC0-301F-11D3-BF4B-00C04F79EFBC}") = "PhoneNumberAnalysis", "phone-number-analysis\PhoneNumberAnalysis.csproj", "{DC6AEF19-A3C1-48C2-B85C-DCB3C3B859D4}"
EndProject
Project("{FAE04EC0-301F-11D3-BF4B-00C04F79EFBC}") = "TimFromMarketing", "tim-from-marketing\TimFromMarketing.csproj", "{2F351B13-6280-4F78-8B30-531500763305}"
EndProject
Project("{FAE04EC0-301F-11D3-BF4B-00C04F79EFBC}") = "BirdWatcher", "bird-watcher\BirdWatcher.csproj", "{C1C26BA2-BA61-43D1-BF84-2CE43ECAAED0}"
EndProject
Project("{FAE04EC0-301F-11D3-BF4B-00C04F79EFBC}") = "SqueakyClean", "squeaky-clean\SqueakyClean.csproj", "{B58CAA2E-A8A8-46B8-A58C-667EA22DA8A5}"
EndProject
Project("{FAE04EC0-301F-11D3-BF4B-00C04F79EFBC}") = "InterestIsInteresting", "interest-is-interesting\InterestIsInteresting.csproj", "{223E6D3E-DEBD-4A97-A988-3F3A26608994}"
EndProject
Project("{FAE04EC0-301F-11D3-BF4B-00C04F79EFBC}") = "RollTheDie", "roll-the-die\RollTheDie.csproj", "{E92CFB0D-EF56-4EDD-B0B7-A40FBB8A13E5}"
EndProject
Project("{FAE04EC0-301F-11D3-BF4B-00C04F79EFBC}") = "NeedForSpeed", "need-for-speed\NeedForSpeed.csproj", "{218719FF-F40E-4511-8E56-A1F8EC30F442}"
EndProject
Project("{FAE04EC0-301F-11D3-BF4B-00C04F79EFBC}") = "WizardsAndWarriors", "wizards-and-warriors\WizardsAndWarriors.csproj", "{DBB431CC-022F-4F47-89ED-01BB356F3D95}"
EndProject
Project("{FAE04EC0-301F-11D3-BF4B-00C04F79EFBC}") = "BookingUpForBeauty", "booking-up-for-beauty\BookingUpForBeauty.csproj", "{D6937B45-7C4C-4E0C-AB9E-637CD49144D9}"
EndProject
Project("{FAE04EC0-301F-11D3-BF4B-00C04F79EFBC}") = "ReverseString", "reverse-string\ReverseString.csproj", "{429B7CA8-0D9B-44F6-BF73-25FEACBA69F4}"
EndProject
Project("{FAE04EC0-301F-11D3-BF4B-00C04F79EFBC}") = "Pangram", "pangram\Pangram.csproj", "{844458B2-12CC-4A72-847A-588294FA8591}"
EndProject
Project("{FAE04EC0-301F-11D3-BF4B-00C04F79EFBC}") = "Isogram", "isogram\Isogram.csproj", "{698B4DA5-4B5F-4E7D-AD10-6420E3A48043}"
EndProject
Project("{FAE04EC0-301F-11D3-BF4B-00C04F79EFBC}") = "Leap", "leap\Leap.csproj", "{90155235-A290-4879-BF58-B5C609A040C6}"
EndProject
Project("{FAE04EC0-301F-11D3-BF4B-00C04F79EFBC}") = "Darts", "darts\Darts.csproj", "{29E23BD1-4E96-4070-932D-20CB6DE3D7CE}"
EndProject
Project("{FAE04EC0-301F-11D3-BF4B-00C04F79EFBC}") = "Triangle", "triangle\Triangle.csproj", "{B472A71F-4E88-4131-A7DD-555977F31D1F}"
EndProject
Project("{FAE04EC0-301F-11D3-BF4B-00C04F79EFBC}") = "DifferenceOfSquares", "difference-of-squares\DifferenceOfSquares.csproj", "{73B7D367-9E53-423E-ABBC-66F710FE1BB1}"
EndProject
Global
	GlobalSection(SolutionConfigurationPlatforms) = preSolution
		Debug|Any CPU = Debug|Any CPU
		Release|Any CPU = Release|Any CPU
	EndGlobalSection
	GlobalSection(SolutionProperties) = preSolution
		HideSolutionNode = FALSE
	EndGlobalSection
	GlobalSection(ProjectConfigurationPlatforms) = postSolution
		{C65A151F-060B-423F-8A3B-3FB6F586A27D}.Debug|Any CPU.ActiveCfg = Debug|Any CPU
		{C65A151F-060B-423F-8A3B-3FB6F586A27D}.Debug|Any CPU.Build.0 = Debug|Any CPU
		{C65A151F-060B-423F-8A3B-3FB6F586A27D}.Release|Any CPU.ActiveCfg = Release|Any CPU
		{C65A151F-060B-423F-8A3B-3FB6F586A27D}.Release|Any CPU.Build.0 = Release|Any CPU
		{858B2E17-2DD7-445D-AF96-B09A17032EC3}.Debug|Any CPU.ActiveCfg = Debug|Any CPU
		{858B2E17-2DD7-445D-AF96-B09A17032EC3}.Debug|Any CPU.Build.0 = Debug|Any CPU
		{858B2E17-2DD7-445D-AF96-B09A17032EC3}.Release|Any CPU.ActiveCfg = Release|Any CPU
		{858B2E17-2DD7-445D-AF96-B09A17032EC3}.Release|Any CPU.Build.0 = Release|Any CPU
		{18B862D1-56D1-4F10-9846-B65F6FD01AD3}.Debug|Any CPU.ActiveCfg = Debug|Any CPU
		{18B862D1-56D1-4F10-9846-B65F6FD01AD3}.Debug|Any CPU.Build.0 = Debug|Any CPU
		{18B862D1-56D1-4F10-9846-B65F6FD01AD3}.Release|Any CPU.ActiveCfg = Release|Any CPU
		{18B862D1-56D1-4F10-9846-B65F6FD01AD3}.Release|Any CPU.Build.0 = Release|Any CPU
		{07DAC575-76C3-4CA4-9440-370B15FA18E6}.Debug|Any CPU.ActiveCfg = Debug|Any CPU
		{07DAC575-76C3-4CA4-9440-370B15FA18E6}.Debug|Any CPU.Build.0 = Debug|Any CPU
		{07DAC575-76C3-4CA4-9440-370B15FA18E6}.Release|Any CPU.ActiveCfg = Release|Any CPU
		{07DAC575-76C3-4CA4-9440-370B15FA18E6}.Release|Any CPU.Build.0 = Release|Any CPU
		{612C5F1E-83E0-4D82-94A6-F70BA2636920}.Debug|Any CPU.ActiveCfg = Debug|Any CPU
		{612C5F1E-83E0-4D82-94A6-F70BA2636920}.Debug|Any CPU.Build.0 = Debug|Any CPU
		{612C5F1E-83E0-4D82-94A6-F70BA2636920}.Release|Any CPU.ActiveCfg = Release|Any CPU
		{612C5F1E-83E0-4D82-94A6-F70BA2636920}.Release|Any CPU.Build.0 = Release|Any CPU
		{A2593CA5-E2A1-478E-BC62-167BDC212EA2}.Debug|Any CPU.ActiveCfg = Debug|Any CPU
		{A2593CA5-E2A1-478E-BC62-167BDC212EA2}.Debug|Any CPU.Build.0 = Debug|Any CPU
		{A2593CA5-E2A1-478E-BC62-167BDC212EA2}.Release|Any CPU.ActiveCfg = Release|Any CPU
		{A2593CA5-E2A1-478E-BC62-167BDC212EA2}.Release|Any CPU.Build.0 = Release|Any CPU
		{A7738EAB-0AD4-4AFB-BED8-16C85777D929}.Debug|Any CPU.ActiveCfg = Debug|Any CPU
		{A7738EAB-0AD4-4AFB-BED8-16C85777D929}.Debug|Any CPU.Build.0 = Debug|Any CPU
		{A7738EAB-0AD4-4AFB-BED8-16C85777D929}.Release|Any CPU.ActiveCfg = Release|Any CPU
		{A7738EAB-0AD4-4AFB-BED8-16C85777D929}.Release|Any CPU.Build.0 = Release|Any CPU
		{DC6AEF19-A3C1-48C2-B85C-DCB3C3B859D4}.Debug|Any CPU.ActiveCfg = Debug|Any CPU
		{DC6AEF19-A3C1-48C2-B85C-DCB3C3B859D4}.Debug|Any CPU.Build.0 = Debug|Any CPU
		{DC6AEF19-A3C1-48C2-B85C-DCB3C3B859D4}.Release|Any CPU.ActiveCfg = Release|Any CPU
		{DC6AEF19-A3C1-48C2-B85C-DCB3C3B859D4}.Release|Any CPU.Build.0 = Release|Any CPU
		{2F351B13-6280-4F78-8B30-531500763305}.Debug|Any CPU.ActiveCfg = Debug|Any CPU
		{2F351B13-6280-4F78-8B30-531500763305}.Debug|Any CPU.Build.0 = Debug|Any CPU
		{2F351B13-6280-4F78-8B30-531500763305}.Release|Any CPU.ActiveCfg = Release|Any CPU
		{2F351B13-6280-4F78-8B30-531500763305}.Release|Any CPU.Build.0 = Release|Any CPU
		{C1C26BA2-BA61-43D1-BF84-2CE43ECAAED0}.Debug|Any CPU.ActiveCfg = Debug|Any CPU
		{C1C26BA2-BA61-43D1-BF84-2CE43ECAAED0}.Debug|Any CPU.Build.0 = Debug|Any CPU
		{C1C26BA2-BA61-43D1-BF84-2CE43ECAAED0}.Release|Any CPU.ActiveCfg = Release|Any CPU
		{C1C26BA2-BA61-43D1-BF84-2CE43ECAAED0}.Release|Any CPU.Build.0 = Release|Any CPU
		{B58CAA2E-A8A8-46B8-A58C-667EA22DA8A5}.Debug|Any CPU.ActiveCfg = Debug|Any CPU
		{B58CAA2E-A8A8-46B8-A58C-667EA22DA8A5}.Debug|Any CPU.Build.0 = Debug|Any CPU
		{B58CAA2E-A8A8-46B8-A58C-667EA22DA8A5}.Release|Any CPU.ActiveCfg = Release|Any CPU
		{B58CAA2E-A8A8-46B8-A58C-667EA22DA8A5}.Release|Any CPU.Build.0 = Release|Any CPU
		{223E6D3E-DEBD-4A97-A988-3F3A26608994}.Debug|Any CPU.ActiveCfg = Debug|Any CPU
		{223E6D3E-DEBD-4A97-A988-3F3A26608994}.Debug|Any CPU.Build.0 = Debug|Any CPU
		{223E6D3E-DEBD-4A97-A988-3F3A26608994}.Release|Any CPU.ActiveCfg = Release|Any CPU
		{223E6D3E-DEBD-4A97-A988-3F3A26608994}.Release|Any CPU.Build.0 = Release|Any CPU
		{E92CFB0D-EF56-4EDD-B0B7-A40FBB8A13E5}.Debug|Any CPU.ActiveCfg = Debug|Any CPU
		{E92CFB0D-EF56-4EDD-B0B7-A40FBB8A13E5}.Debug|Any CPU.Build.0 = Debug|Any CPU
		{E92CFB0D-EF56-4EDD-B0B7-A40FBB8A13E5}.Release|Any CPU.ActiveCfg = Release|Any CPU
		{E92CFB0D-EF56-4EDD-B0B7-A40FBB8A13E5}.Release|Any CPU.Build.0 = Release|Any CPU
		{218719FF-F40E-4511-8E56-A1F8EC30F442}.Debug|Any CPU.ActiveCfg = Debug|Any CPU
		{218719FF-F40E-4511-8E56-A1F8EC30F442}.Debug|Any CPU.Build.0 = Debug|Any CPU
		{218719FF-F40E-4511-8E56-A1F8EC30F442}.Release|Any CPU.ActiveCfg = Release|Any CPU
		{218719FF-F40E-4511-8E56-A1F8EC30F442}.Release|Any CPU.Build.0 = Release|Any CPU
		{DBB431CC-022F-4F47-89ED-01BB356F3D95}.Debug|Any CPU.ActiveCfg = Debug|Any CPU
		{DBB431CC-022F-4F47-89ED-01BB356F3D95}.Debug|Any CPU.Build.0 = Debug|Any CPU
		{DBB431CC-022F-4F47-89ED-01BB356F3D95}.Release|Any CPU.ActiveCfg = Release|Any CPU
		{DBB431CC-022F-4F47-89ED-01BB356F3D95}.Release|Any CPU.Build.0 = Release|Any CPU
		{D6937B45-7C4C-4E0C-AB9E-637CD49144D9}.Debug|Any CPU.ActiveCfg = Debug|Any CPU
		{D6937B45-7C4C-4E0C-AB9E-637CD49144D9}.Debug|Any CPU.Build.0 = Debug|Any CPU
		{D6937B45-7C4C-4E0C-AB9E-637CD49144D9}.Release|Any CPU.ActiveCfg = Release|Any CPU
		{D6937B45-7C4C-4E0C-AB9E-637CD49144D9}.Release|Any CPU.Build.0 = Release|Any CPU
		{429B7CA8-0D9B-44F6-BF73-25FEACBA69F4}.Debug|Any CPU.ActiveCfg = Debug|Any CPU
		{429B7CA8-0D9B-44F6-BF73-25FEACBA69F4}.Debug|Any CPU.Build.0 = Debug|Any CPU
		{429B7CA8-0D9B-44F6-BF73-25FEACBA69F4}.Release|Any CPU.ActiveCfg = Release|Any CPU
		{429B7CA8-0D9B-44F6-BF73-25FEACBA69F4}.Release|Any CPU.Build.0 = Release|Any CPU
		{844458B2-12CC-4A72-847A-588294FA8591}.Debug|Any CPU.ActiveCfg = Debug|Any CPU
		{844458B2-12CC-4A72-847A-588294FA8591}.Debug|Any CPU.Build.0 = Debug|Any CPU
		{844458B2-12CC-4A72-847A-588294FA8591}.Release|Any CPU.ActiveCfg = Release|Any CPU
		{844458B2-12CC-4A72-847A-588294FA8591}.Release|Any CPU.Build.0 = Release|Any CPU
		{698B4DA5-4B5F-4E7D-AD10-6420E3A48043}.Debug|Any CPU.ActiveCfg = Debug|Any CPU
		{698B4DA5-4B5F-4E7D-AD10-6420E3A48043}.Debug|Any CPU.Build.0 = Debug|Any CPU
		{698B4DA5-4B5F-4E7D-AD10-6420E3A48043}.Release|Any CPU.ActiveCfg = Release|Any CPU
		{698B4DA5-4B5F-4E7D-AD10-6420E3A48043}.Release|Any CPU.Build.0 = Release|Any CPU
		{90155235-A290-4879-BF58-B5C609A040C6}.Debug|Any CPU.ActiveCfg = Debug|Any CPU
		{90155235-A290-4879-BF58-B5C609A040C6}.Debug|Any CPU.Build.0 = Debug|Any CPU
		{90155235-A290-4879-BF58-B5C609A040C6}.Release|Any CPU.ActiveCfg = Release|Any CPU
		{90155235-A290-4879-BF58-B5C609A040C6}.Release|Any CPU.Build.0 = Release|Any CPU
		{29E23BD1-4E96-4070-932D-20CB6DE3D7CE}.Debug|Any CPU.ActiveCfg = Debug|Any CPU
		{29E23BD1-4E96-4070-932D-20CB6DE3D7CE}.Debug|Any CPU.Build.0 = Debug|Any CPU
		{29E23BD1-4E96-4070-932D-20CB6DE3D7CE}.Release|Any CPU.ActiveCfg = Release|Any CPU
		{29E23BD1-4E96-4070-932D-20CB6DE3D7CE}.Release|Any CPU.Build.0 = Release|Any CPU
		{B472A71F-4E88-4131-A7DD-555977F31D1F}.Debug|Any CPU.ActiveCfg = Debug|Any CPU
		{B472A71F-4E88-4131-A7DD-555977F31D1F}.Debug|Any CPU.Build.0 = Debug|Any CPU
		{B472A71F-4E88-4131-A7DD-555977F31D1F}.Release|Any CPU.ActiveCfg = Release|Any CPU
		{B472A71F-4E88-4131-A7DD-555977F31D1F}.Release|Any CPU.Build.0 = Release|Any CPU
		{73B7D367-9E53-423E-ABBC-66F710FE1BB1}.Debug|Any CPU.ActiveCfg = Debug|Any CPU
		{73B7D367-9E53-423E-ABBC-66F710FE1BB1}.Debug|Any CPU.Build.0 = Debug|Any CPU
		{73B7D367-9E53-423E-ABBC-66F710FE1BB1}.Release|Any CPU.ActiveCfg = Release|Any CPU
		{73B7D367-9E53-423E-ABBC-66F710FE1BB1}.Release|Any CPU.Build.0 = Release|Any CPU
	EndGlobalSection
EndGlobal
