
Microsoft Visual Studio Solution File, Format Version 12.00
# Visual Studio Version 17
VisualStudioVersion = 17.0.31903.59
MinimumVisualStudioVersion = 10.0.40219.1
Project("{FAE04EC0-301F-11D3-BF4B-00C04F79EFBC}") = "AnnalynsInfiltration", "annalyns-infiltration\AnnalynsInfiltration.csproj", "{C65A151F-060B-423F-8A3B-3FB6F586A27D}"
EndProject
Project("{FAE04EC0-301F-11D3-BF4B-00C04F79EFBC}") = "HelloWorld", "hello-world\HelloWorld.csproj", "{858B2E17-2DD7-445D-AF96-B09A17032EC3}"
EndProject
Project("{FAE04EC0-301F-11D3-BF4B-00C04F79EFBC}") = "CarsAssemble", "cars-assemble\CarsAssemble.csproj", "{18B862D1-56D1-4F10-9846-B65F6FD01AD3}"
EndProject
Project("{FAE04EC0-301F-11D3-BF4B-00C04F79EFBC}") = "ElonsToys", "elons-toys\ElonsToys.csproj", "{07DAC575-76C3-4CA4-9440-370B15FA18E6}"
EndProject
Project("{FAE04EC0-301F-11D3-BF4B-00C04F79EFBC}") = "LogAnalysis", "log-analysis\LogAnalysis.csproj", "{612C5F1E-83E0-4D82-94A6-F70BA2636920}"
EndProject
Project("{FAE04EC0-301F-11D3-BF4B-00C04F79EFBC}") = "LogLevels", "log-levels\LogLevels.csproj", "{A2593CA5-E2A1-478E-BC62-167BDC212EA2}"
EndProject
Project("{FAE04EC0-301F-11D3-BF4B-00C04F79EFBC}") = "LuciansLusciousLasagna", "lucians-luscious-lasagna\LuciansLusciousLasagna.csproj", "{A7738EAB-0AD4-4AFB-BED8-16C85777D929}"
EndProject
Project("{FAE04EC0-301F-11D3-BF4B-00C04F79EFBC}") = "PhoneNumberAnalysis", "phone-number-analysis\PhoneNumberAnalysis.csproj", "{DC6AEF19-A3C1-48C2-B85C-DCB3C3B859D4}"
EndProject
Project("{FAE04EC0-301F-11D3-BF4B-00C04F79EFBC}") = "TimFromMarketing", "tim-from-marketing\TimFromMarketing.csproj", "{2F351B13-6280-4F78-8B30-531500763305}"
EndProject
Project("{FAE04EC0-301F-11D3-BF4B-00C04F79EFBC}") = "BirdWatcher", "bird-watcher\BirdWatcher.csproj", "{C1C26BA2-BA61-43D1-BF84-2CE43ECAAED0}"
EndProject
Project("{FAE04EC0-301F-11D3-BF4B-00C04F79EFBC}") = "SqueakyClean", "squeaky-clean\SqueakyClean.csproj", "{B58CAA2E-A8A8-46B8-A58C-667EA22DA8A5}"
EndProject
Project("{FAE04EC0-301F-11D3-BF4B-00C04F79EFBC}") = "InterestIsInteresting", "interest-is-interesting\InterestIsInteresting.csproj", "{223E6D3E-DEBD-4A97-A988-3F3A26608994}"
EndProject
Project("{FAE04EC0-301F-11D3-BF4B-00C04F79EFBC}") = "RollTheDie", "roll-the-die\RollTheDie.csproj", "{E92CFB0D-EF56-4EDD-B0B7-A40FBB8A13E5}"
EndProject
Project("{FAE04EC0-301F-11D3-BF4B-00C04F79EFBC}") = "NeedForSpeed", "need-for-speed\NeedForSpeed.csproj", "{218719FF-F40E-4511-8E56-A1F8EC30F442}"
EndProject
Project("{FAE04EC0-301F-11D3-BF4B-00C04F79EFBC}") = "WizardsAndWarriors", "wizards-and-warriors\WizardsAndWarriors.csproj", "{DBB431CC-022F-4F47-89ED-01BB356F3D95}"
EndProject
Project("{FAE04EC0-301F-11D3-BF4B-00C04F79EFBC}") = "BookingUpForBeauty", "booking-up-for-beauty\BookingUpForBeauty.csproj", "{D6937B45-7C4C-4E0C-AB9E-637CD49144D9}"
EndProject
Project("{FAE04EC0-301F-11D3-BF4B-00C04F79EFBC}") = "ReverseString", "reverse-string\ReverseString.csproj", "{429B7CA8-0D9B-44F6-BF73-25FEACBA69F4}"
EndProject
Project("{FAE04EC0-301F-11D3-BF4B-00C04F79EFBC}") = "Pangram", "pangram\Pangram.csproj", "{844458B2-12CC-4A72-847A-588294FA8591}"
EndProject
Project("{FAE04EC0-301F-11D3-BF4B-00C04F79EFBC}") = "Isogram", "isogram\Isogram.csproj", "{698B4DA5-4B5F-4E7D-AD10-6420E3A48043}"
EndProject
Project("{FAE04EC0-301F-11D3-BF4B-00C04F79EFBC}") = "Leap", "leap\Leap.csproj", "{90155235-A290-4879-BF58-B5C609A040C6}"
EndProject
Project("{FAE04EC0-301F-11D3-BF4B-00C04F79EFBC}") = "Darts", "darts\Darts.csproj", "{29E23BD1-4E96-4070-932D-20CB6DE3D7CE}"
EndProject
Project("{FAE04EC0-301F-11D3-BF4B-00C04F79EFBC}") = "Triangle", "triangle\Triangle.csproj", "{B472A71F-4E88-4131-A7DD-555977F31D1F}"
EndProject
Project("{FAE04EC0-301F-11D3-BF4B-00C04F79EFBC}") = "DifferenceOfSquares", "difference-of-squares\DifferenceOfSquares.csproj", "{73B7D367-9E53-423E-ABBC-66F710FE1BB1}"
EndProject
Project("{FAE04EC0-301F-11D3-BF4B-00C04F79EFBC}") = "FootballMatchReports", "football-match-reports\FootballMatchReports.csproj", "{CE889AFE-BF56-4A3C-8E17-24C47569A679}"
EndProject
Project("{FAE04EC0-301F-11D3-BF4B-00C04F79EFBC}") = "BeautySalonGoesGlobal", "beauty-salon-goes-global\BeautySalonGoesGlobal.csproj", "{64308B55-0814-4CA3-A3E9-5572C60CFEBB}"
EndProject
Project("{FAE04EC0-301F-11D3-BF4B-00C04F79EFBC}") = "TracksOnTracksOnTracks", "tracks-on-tracks-on-tracks\TracksOnTracksOnTracks.csproj", "{4E3349D9-0629-4139-BC9A-044E6327D749}"
EndProject
Project("{FAE04EC0-301F-11D3-BF4B-00C04F79EFBC}") = "LogsLogsLogs", "logs-logs-logs\LogsLogsLogs.csproj", "{17304EC1-0541-495C-8875-39AFE1F65EF6}"
EndProject
Project("{FAE04EC0-301F-11D3-BF4B-00C04F79EFBC}") = "InternationalCallingConnoisseur", "international-calling-connoisseur\InternationalCallingConnoisseur.csproj", "{29DEB3E7-702C-4952-B96A-FEEB0CF966EF}"
EndProject
Project("{FAE04EC0-301F-11D3-BF4B-00C04F79EFBC}") = "CalculatorConundrum", "calculator-conundrum\CalculatorConundrum.csproj", "{3E40CC93-59F1-4EE5-82DD-CDA0EEFA49F3}"
EndProject
Project("{FAE04EC0-301F-11D3-BF4B-00C04F79EFBC}") = "SecureMunchesterUnited", "secure-munchester-united\SecureMunchesterUnited.csproj", "{124CD27E-A8BA-43B9-9D10-32EA279EABBB}"
EndProject
Project("{FAE04EC0-301F-11D3-BF4B-00C04F79EFBC}") = "HighSchoolSweethearts", "high-school-sweethearts\HighSchoolSweethearts.csproj", "{18768CB6-1162-402D-A685-8C92B6B47A23}"
EndProject
Project("{FAE04EC0-301F-11D3-BF4B-00C04F79EFBC}") = "HyperOptimizedTelemetry", "hyper-optimized-telemetry\HyperOptimizedTelemetry.csproj", "{24F7BF50-60A4-4B24-8064-37D7BE72807A}"
EndProject
Project("{FAE04EC0-301F-11D3-BF4B-00C04F79EFBC}") = "WeighingMachine", "weighing-machine\WeighingMachine.csproj", "{565008FC-8FFD-4E8D-965C-DFB874C4CAE5}"
EndProject
Project("{FAE04EC0-301F-11D3-BF4B-00C04F79EFBC}") = "RemoteControlCompetition", "remote-control-competition\RemoteControlCompetition.csproj", "{930CCF0B-F813-463D-ABA8-8B94361194FF}"
EndProject
Project("{FAE04EC0-301F-11D3-BF4B-00C04F79EFBC}") = "WizardsAndWarriors2", "wizards-and-warriors-2\WizardsAndWarriors2.csproj", "{D48F4A30-9AF1-4102-A05A-F25B677BC733}"
EndProject
Project("{FAE04EC0-301F-11D3-BF4B-00C04F79EFBC}") = "AttackOfTheTrolls", "attack-of-the-trolls\AttackOfTheTrolls.csproj", "{804762C8-88EA-457A-9260-2ED05757EEA7}"
EndProject
Project("{FAE04EC0-301F-11D3-BF4B-00C04F79EFBC}") = "Faceid2", "faceid-2\Faceid2.csproj", "{DF3F690E-7B47-419B-932E-4DFA5EC0D932}"
EndProject
Project("{FAE04EC0-301F-11D3-BF4B-00C04F79EFBC}") = "TheWeatherInDeather", "the-weather-in-deather\TheWeatherInDeather.csproj", "{F3F8E0FE-1A8F-47B7-800D-089CE8A79DD0}"
EndProject
Project("{FAE04EC0-301F-11D3-BF4B-00C04F79EFBC}") = "DeveloperPrivileges", "developer-privileges\DeveloperPrivileges.csproj", "{ABE0EFD2-FB30-4B23-BF5F-313E2B610400}"
EndProject
Project("{FAE04EC0-301F-11D3-BF4B-00C04F79EFBC}") = "LandGrabInSpace", "land-grab-in-space\LandGrabInSpace.csproj", "{2755E258-DA1E-42E4-9209-1FAEC9230F66}"
EndProject
Project("{FAE04EC0-301F-11D3-BF4B-00C04F79EFBC}") = "RemoteControlCleanup", "remote-control-cleanup\RemoteControlCleanup.csproj", "{07AE48F0-60D5-4FE6-BA76-038CB6B24F39}"
EndProject
Project("{FAE04EC0-301F-11D3-BF4B-00C04F79EFBC}") = "AuthenticationSystem", "authentication-system\AuthenticationSystem.csproj", "{66B38C05-43DC-4673-A0D4-E72E9CC7ECD1}"
EndProject
Project("{FAE04EC0-301F-11D3-BF4B-00C04F79EFBC}") = "RedVsBlueDarwinStyle", "red-vs-blue-darwin-style\RedVsBlueDarwinStyle.csproj", "{4B235871-F169-4D56-A5EB-6CE132A5A9A8}"
EndProject
Project("{FAE04EC0-301F-11D3-BF4B-00C04F79EFBC}") = "HyperinflationHitsHyperia", "hyperinflation-hits-hyperia\HyperinflationHitsHyperia.csproj", "{50990CD5-DD27-47D0-98B7-495F06DCE970}"
EndProject
Project("{FAE04EC0-301F-11D3-BF4B-00C04F79EFBC}") = "HyperiaForex", "hyperia-forex\HyperiaForex.csproj", "{98007A4B-918A-4263-94D8-82DD45AD2968}"
EndProject
Project("{FAE04EC0-301F-11D3-BF4B-00C04F79EFBC}") = "ParsingLogFiles", "parsing-log-files\ParsingLogFiles.csproj", "{54A40002-1379-4C45-BFB0-059E3559D099}"
EndProject
Project("{FAE04EC0-301F-11D3-BF4B-00C04F79EFBC}") = "BuildingTelemetry", "building-telemetry\BuildingTelemetry.csproj", "{AEDE4B55-AD1D-4A32-9D32-164C5EC70227}"
EndProject
Project("{FAE04EC0-301F-11D3-BF4B-00C04F79EFBC}") = "ObjectRelationalMapping", "object-relational-mapping\ObjectRelationalMapping.csproj", "{E11ED5D9-E0B1-40A1-AAA1-ABF9EC32CD11}"
EndProject
Project("{FAE04EC0-301F-11D3-BF4B-00C04F79EFBC}") = "InstrumentsOfTexas", "instruments-of-texas\InstrumentsOfTexas.csproj", "{5AA76034-DC7E-42F0-A930-B857815F0C15}"
EndProject
Project("{FAE04EC0-301F-11D3-BF4B-00C04F79EFBC}") = "OrmInOneGo", "orm-in-one-go\OrmInOneGo.csproj", "{6500C8B5-D702-4309-A670-5558860583C7}"
EndProject
Project("{FAE04EC0-301F-11D3-BF4B-00C04F79EFBC}") = "TwoFer", "two-fer\TwoFer.csproj", "{F9D06E1A-151D-4FD9-9445-34F77E25DC1A}"
EndProject
Project("{FAE04EC0-301F-11D3-BF4B-00C04F79EFBC}") = "Gigasecond", "gigasecond\Gigasecond.csproj", "{C09D4CD6-EBAF-4AC1-A2C9-B100046A81DD}"
EndProject
Global
	GlobalSection(SolutionConfigurationPlatforms) = preSolution
		Debug|Any CPU = Debug|Any CPU
		Release|Any CPU = Release|Any CPU
	EndGlobalSection
	GlobalSection(SolutionProperties) = preSolution
		HideSolutionNode = FALSE
	EndGlobalSection
	GlobalSection(ProjectConfigurationPlatforms) = postSolution
		{C65A151F-060B-423F-8A3B-3FB6F586A27D}.Debug|Any CPU.ActiveCfg = Debug|Any CPU
		{C65A151F-060B-423F-8A3B-3FB6F586A27D}.Debug|Any CPU.Build.0 = Debug|Any CPU
		{C65A151F-060B-423F-8A3B-3FB6F586A27D}.Release|Any CPU.ActiveCfg = Release|Any CPU
		{C65A151F-060B-423F-8A3B-3FB6F586A27D}.Release|Any CPU.Build.0 = Release|Any CPU
		{858B2E17-2DD7-445D-AF96-B09A17032EC3}.Debug|Any CPU.ActiveCfg = Debug|Any CPU
		{858B2E17-2DD7-445D-AF96-B09A17032EC3}.Debug|Any CPU.Build.0 = Debug|Any CPU
		{858B2E17-2DD7-445D-AF96-B09A17032EC3}.Release|Any CPU.ActiveCfg = Release|Any CPU
		{858B2E17-2DD7-445D-AF96-B09A17032EC3}.Release|Any CPU.Build.0 = Release|Any CPU
		{18B862D1-56D1-4F10-9846-B65F6FD01AD3}.Debug|Any CPU.ActiveCfg = Debug|Any CPU
		{18B862D1-56D1-4F10-9846-B65F6FD01AD3}.Debug|Any CPU.Build.0 = Debug|Any CPU
		{18B862D1-56D1-4F10-9846-B65F6FD01AD3}.Release|Any CPU.ActiveCfg = Release|Any CPU
		{18B862D1-56D1-4F10-9846-B65F6FD01AD3}.Release|Any CPU.Build.0 = Release|Any CPU
		{07DAC575-76C3-4CA4-9440-370B15FA18E6}.Debug|Any CPU.ActiveCfg = Debug|Any CPU
		{07DAC575-76C3-4CA4-9440-370B15FA18E6}.Debug|Any CPU.Build.0 = Debug|Any CPU
		{07DAC575-76C3-4CA4-9440-370B15FA18E6}.Release|Any CPU.ActiveCfg = Release|Any CPU
		{07DAC575-76C3-4CA4-9440-370B15FA18E6}.Release|Any CPU.Build.0 = Release|Any CPU
		{612C5F1E-83E0-4D82-94A6-F70BA2636920}.Debug|Any CPU.ActiveCfg = Debug|Any CPU
		{612C5F1E-83E0-4D82-94A6-F70BA2636920}.Debug|Any CPU.Build.0 = Debug|Any CPU
		{612C5F1E-83E0-4D82-94A6-F70BA2636920}.Release|Any CPU.ActiveCfg = Release|Any CPU
		{612C5F1E-83E0-4D82-94A6-F70BA2636920}.Release|Any CPU.Build.0 = Release|Any CPU
		{A2593CA5-E2A1-478E-BC62-167BDC212EA2}.Debug|Any CPU.ActiveCfg = Debug|Any CPU
		{A2593CA5-E2A1-478E-BC62-167BDC212EA2}.Debug|Any CPU.Build.0 = Debug|Any CPU
		{A2593CA5-E2A1-478E-BC62-167BDC212EA2}.Release|Any CPU.ActiveCfg = Release|Any CPU
		{A2593CA5-E2A1-478E-BC62-167BDC212EA2}.Release|Any CPU.Build.0 = Release|Any CPU
		{A7738EAB-0AD4-4AFB-BED8-16C85777D929}.Debug|Any CPU.ActiveCfg = Debug|Any CPU
		{A7738EAB-0AD4-4AFB-BED8-16C85777D929}.Debug|Any CPU.Build.0 = Debug|Any CPU
		{A7738EAB-0AD4-4AFB-BED8-16C85777D929}.Release|Any CPU.ActiveCfg = Release|Any CPU
		{A7738EAB-0AD4-4AFB-BED8-16C85777D929}.Release|Any CPU.Build.0 = Release|Any CPU
		{DC6AEF19-A3C1-48C2-B85C-DCB3C3B859D4}.Debug|Any CPU.ActiveCfg = Debug|Any CPU
		{DC6AEF19-A3C1-48C2-B85C-DCB3C3B859D4}.Debug|Any CPU.Build.0 = Debug|Any CPU
		{DC6AEF19-A3C1-48C2-B85C-DCB3C3B859D4}.Release|Any CPU.ActiveCfg = Release|Any CPU
		{DC6AEF19-A3C1-48C2-B85C-DCB3C3B859D4}.Release|Any CPU.Build.0 = Release|Any CPU
		{2F351B13-6280-4F78-8B30-531500763305}.Debug|Any CPU.ActiveCfg = Debug|Any CPU
		{2F351B13-6280-4F78-8B30-531500763305}.Debug|Any CPU.Build.0 = Debug|Any CPU
		{2F351B13-6280-4F78-8B30-531500763305}.Release|Any CPU.ActiveCfg = Release|Any CPU
		{2F351B13-6280-4F78-8B30-531500763305}.Release|Any CPU.Build.0 = Release|Any CPU
		{C1C26BA2-BA61-43D1-BF84-2CE43ECAAED0}.Debug|Any CPU.ActiveCfg = Debug|Any CPU
		{C1C26BA2-BA61-43D1-BF84-2CE43ECAAED0}.Debug|Any CPU.Build.0 = Debug|Any CPU
		{C1C26BA2-BA61-43D1-BF84-2CE43ECAAED0}.Release|Any CPU.ActiveCfg = Release|Any CPU
		{C1C26BA2-BA61-43D1-BF84-2CE43ECAAED0}.Release|Any CPU.Build.0 = Release|Any CPU
		{B58CAA2E-A8A8-46B8-A58C-667EA22DA8A5}.Debug|Any CPU.ActiveCfg = Debug|Any CPU
		{B58CAA2E-A8A8-46B8-A58C-667EA22DA8A5}.Debug|Any CPU.Build.0 = Debug|Any CPU
		{B58CAA2E-A8A8-46B8-A58C-667EA22DA8A5}.Release|Any CPU.ActiveCfg = Release|Any CPU
		{B58CAA2E-A8A8-46B8-A58C-667EA22DA8A5}.Release|Any CPU.Build.0 = Release|Any CPU
		{223E6D3E-DEBD-4A97-A988-3F3A26608994}.Debug|Any CPU.ActiveCfg = Debug|Any CPU
		{223E6D3E-DEBD-4A97-A988-3F3A26608994}.Debug|Any CPU.Build.0 = Debug|Any CPU
		{223E6D3E-DEBD-4A97-A988-3F3A26608994}.Release|Any CPU.ActiveCfg = Release|Any CPU
		{223E6D3E-DEBD-4A97-A988-3F3A26608994}.Release|Any CPU.Build.0 = Release|Any CPU
		{E92CFB0D-EF56-4EDD-B0B7-A40FBB8A13E5}.Debug|Any CPU.ActiveCfg = Debug|Any CPU
		{E92CFB0D-EF56-4EDD-B0B7-A40FBB8A13E5}.Debug|Any CPU.Build.0 = Debug|Any CPU
		{E92CFB0D-EF56-4EDD-B0B7-A40FBB8A13E5}.Release|Any CPU.ActiveCfg = Release|Any CPU
		{E92CFB0D-EF56-4EDD-B0B7-A40FBB8A13E5}.Release|Any CPU.Build.0 = Release|Any CPU
		{218719FF-F40E-4511-8E56-A1F8EC30F442}.Debug|Any CPU.ActiveCfg = Debug|Any CPU
		{218719FF-F40E-4511-8E56-A1F8EC30F442}.Debug|Any CPU.Build.0 = Debug|Any CPU
		{218719FF-F40E-4511-8E56-A1F8EC30F442}.Release|Any CPU.ActiveCfg = Release|Any CPU
		{218719FF-F40E-4511-8E56-A1F8EC30F442}.Release|Any CPU.Build.0 = Release|Any CPU
		{DBB431CC-022F-4F47-89ED-01BB356F3D95}.Debug|Any CPU.ActiveCfg = Debug|Any CPU
		{DBB431CC-022F-4F47-89ED-01BB356F3D95}.Debug|Any CPU.Build.0 = Debug|Any CPU
		{DBB431CC-022F-4F47-89ED-01BB356F3D95}.Release|Any CPU.ActiveCfg = Release|Any CPU
		{DBB431CC-022F-4F47-89ED-01BB356F3D95}.Release|Any CPU.Build.0 = Release|Any CPU
		{D6937B45-7C4C-4E0C-AB9E-637CD49144D9}.Debug|Any CPU.ActiveCfg = Debug|Any CPU
		{D6937B45-7C4C-4E0C-AB9E-637CD49144D9}.Debug|Any CPU.Build.0 = Debug|Any CPU
		{D6937B45-7C4C-4E0C-AB9E-637CD49144D9}.Release|Any CPU.ActiveCfg = Release|Any CPU
		{D6937B45-7C4C-4E0C-AB9E-637CD49144D9}.Release|Any CPU.Build.0 = Release|Any CPU
		{429B7CA8-0D9B-44F6-BF73-25FEACBA69F4}.Debug|Any CPU.ActiveCfg = Debug|Any CPU
		{429B7CA8-0D9B-44F6-BF73-25FEACBA69F4}.Debug|Any CPU.Build.0 = Debug|Any CPU
		{429B7CA8-0D9B-44F6-BF73-25FEACBA69F4}.Release|Any CPU.ActiveCfg = Release|Any CPU
		{429B7CA8-0D9B-44F6-BF73-25FEACBA69F4}.Release|Any CPU.Build.0 = Release|Any CPU
		{844458B2-12CC-4A72-847A-588294FA8591}.Debug|Any CPU.ActiveCfg = Debug|Any CPU
		{844458B2-12CC-4A72-847A-588294FA8591}.Debug|Any CPU.Build.0 = Debug|Any CPU
		{844458B2-12CC-4A72-847A-588294FA8591}.Release|Any CPU.ActiveCfg = Release|Any CPU
		{844458B2-12CC-4A72-847A-588294FA8591}.Release|Any CPU.Build.0 = Release|Any CPU
		{698B4DA5-4B5F-4E7D-AD10-6420E3A48043}.Debug|Any CPU.ActiveCfg = Debug|Any CPU
		{698B4DA5-4B5F-4E7D-AD10-6420E3A48043}.Debug|Any CPU.Build.0 = Debug|Any CPU
		{698B4DA5-4B5F-4E7D-AD10-6420E3A48043}.Release|Any CPU.ActiveCfg = Release|Any CPU
		{698B4DA5-4B5F-4E7D-AD10-6420E3A48043}.Release|Any CPU.Build.0 = Release|Any CPU
		{90155235-A290-4879-BF58-B5C609A040C6}.Debug|Any CPU.ActiveCfg = Debug|Any CPU
		{90155235-A290-4879-BF58-B5C609A040C6}.Debug|Any CPU.Build.0 = Debug|Any CPU
		{90155235-A290-4879-BF58-B5C609A040C6}.Release|Any CPU.ActiveCfg = Release|Any CPU
		{90155235-A290-4879-BF58-B5C609A040C6}.Release|Any CPU.Build.0 = Release|Any CPU
		{29E23BD1-4E96-4070-932D-20CB6DE3D7CE}.Debug|Any CPU.ActiveCfg = Debug|Any CPU
		{29E23BD1-4E96-4070-932D-20CB6DE3D7CE}.Debug|Any CPU.Build.0 = Debug|Any CPU
		{29E23BD1-4E96-4070-932D-20CB6DE3D7CE}.Release|Any CPU.ActiveCfg = Release|Any CPU
		{29E23BD1-4E96-4070-932D-20CB6DE3D7CE}.Release|Any CPU.Build.0 = Release|Any CPU
		{B472A71F-4E88-4131-A7DD-555977F31D1F}.Debug|Any CPU.ActiveCfg = Debug|Any CPU
		{B472A71F-4E88-4131-A7DD-555977F31D1F}.Debug|Any CPU.Build.0 = Debug|Any CPU
		{B472A71F-4E88-4131-A7DD-555977F31D1F}.Release|Any CPU.ActiveCfg = Release|Any CPU
		{B472A71F-4E88-4131-A7DD-555977F31D1F}.Release|Any CPU.Build.0 = Release|Any CPU
		{73B7D367-9E53-423E-ABBC-66F710FE1BB1}.Debug|Any CPU.ActiveCfg = Debug|Any CPU
		{73B7D367-9E53-423E-ABBC-66F710FE1BB1}.Debug|Any CPU.Build.0 = Debug|Any CPU
		{73B7D367-9E53-423E-ABBC-66F710FE1BB1}.Release|Any CPU.ActiveCfg = Release|Any CPU
		{73B7D367-9E53-423E-ABBC-66F710FE1BB1}.Release|Any CPU.Build.0 = Release|Any CPU
		{CE889AFE-BF56-4A3C-8E17-24C47569A679}.Debug|Any CPU.ActiveCfg = Debug|Any CPU
		{CE889AFE-BF56-4A3C-8E17-24C47569A679}.Debug|Any CPU.Build.0 = Debug|Any CPU
		{CE889AFE-BF56-4A3C-8E17-24C47569A679}.Release|Any CPU.ActiveCfg = Release|Any CPU
		{CE889AFE-BF56-4A3C-8E17-24C47569A679}.Release|Any CPU.Build.0 = Release|Any CPU
		{64308B55-0814-4CA3-A3E9-5572C60CFEBB}.Debug|Any CPU.ActiveCfg = Debug|Any CPU
		{64308B55-0814-4CA3-A3E9-5572C60CFEBB}.Debug|Any CPU.Build.0 = Debug|Any CPU
		{64308B55-0814-4CA3-A3E9-5572C60CFEBB}.Release|Any CPU.ActiveCfg = Release|Any CPU
		{64308B55-0814-4CA3-A3E9-5572C60CFEBB}.Release|Any CPU.Build.0 = Release|Any CPU
		{4E3349D9-0629-4139-BC9A-044E6327D749}.Debug|Any CPU.ActiveCfg = Debug|Any CPU
		{4E3349D9-0629-4139-BC9A-044E6327D749}.Debug|Any CPU.Build.0 = Debug|Any CPU
		{4E3349D9-0629-4139-BC9A-044E6327D749}.Release|Any CPU.ActiveCfg = Release|Any CPU
		{4E3349D9-0629-4139-BC9A-044E6327D749}.Release|Any CPU.Build.0 = Release|Any CPU
		{17304EC1-0541-495C-8875-39AFE1F65EF6}.Debug|Any CPU.ActiveCfg = Debug|Any CPU
		{17304EC1-0541-495C-8875-39AFE1F65EF6}.Debug|Any CPU.Build.0 = Debug|Any CPU
		{17304EC1-0541-495C-8875-39AFE1F65EF6}.Release|Any CPU.ActiveCfg = Release|Any CPU
		{17304EC1-0541-495C-8875-39AFE1F65EF6}.Release|Any CPU.Build.0 = Release|Any CPU
		{29DEB3E7-702C-4952-B96A-FEEB0CF966EF}.Debug|Any CPU.ActiveCfg = Debug|Any CPU
		{29DEB3E7-702C-4952-B96A-FEEB0CF966EF}.Debug|Any CPU.Build.0 = Debug|Any CPU
		{29DEB3E7-702C-4952-B96A-FEEB0CF966EF}.Release|Any CPU.ActiveCfg = Release|Any CPU
		{29DEB3E7-702C-4952-B96A-FEEB0CF966EF}.Release|Any CPU.Build.0 = Release|Any CPU
		{3E40CC93-59F1-4EE5-82DD-CDA0EEFA49F3}.Debug|Any CPU.ActiveCfg = Debug|Any CPU
		{3E40CC93-59F1-4EE5-82DD-CDA0EEFA49F3}.Debug|Any CPU.Build.0 = Debug|Any CPU
		{3E40CC93-59F1-4EE5-82DD-CDA0EEFA49F3}.Release|Any CPU.ActiveCfg = Release|Any CPU
		{3E40CC93-59F1-4EE5-82DD-CDA0EEFA49F3}.Release|Any CPU.Build.0 = Release|Any CPU
		{124CD27E-A8BA-43B9-9D10-32EA279EABBB}.Debug|Any CPU.ActiveCfg = Debug|Any CPU
		{124CD27E-A8BA-43B9-9D10-32EA279EABBB}.Debug|Any CPU.Build.0 = Debug|Any CPU
		{124CD27E-A8BA-43B9-9D10-32EA279EABBB}.Release|Any CPU.ActiveCfg = Release|Any CPU
		{124CD27E-A8BA-43B9-9D10-32EA279EABBB}.Release|Any CPU.Build.0 = Release|Any CPU
		{18768CB6-1162-402D-A685-8C92B6B47A23}.Debug|Any CPU.ActiveCfg = Debug|Any CPU
		{18768CB6-1162-402D-A685-8C92B6B47A23}.Debug|Any CPU.Build.0 = Debug|Any CPU
		{18768CB6-1162-402D-A685-8C92B6B47A23}.Release|Any CPU.ActiveCfg = Release|Any CPU
		{18768CB6-1162-402D-A685-8C92B6B47A23}.Release|Any CPU.Build.0 = Release|Any CPU
		{24F7BF50-60A4-4B24-8064-37D7BE72807A}.Debug|Any CPU.ActiveCfg = Debug|Any CPU
		{24F7BF50-60A4-4B24-8064-37D7BE72807A}.Debug|Any CPU.Build.0 = Debug|Any CPU
		{24F7BF50-60A4-4B24-8064-37D7BE72807A}.Release|Any CPU.ActiveCfg = Release|Any CPU
		{24F7BF50-60A4-4B24-8064-37D7BE72807A}.Release|Any CPU.Build.0 = Release|Any CPU
		{565008FC-8FFD-4E8D-965C-DFB874C4CAE5}.Debug|Any CPU.ActiveCfg = Debug|Any CPU
		{565008FC-8FFD-4E8D-965C-DFB874C4CAE5}.Debug|Any CPU.Build.0 = Debug|Any CPU
		{565008FC-8FFD-4E8D-965C-DFB874C4CAE5}.Release|Any CPU.ActiveCfg = Release|Any CPU
		{565008FC-8FFD-4E8D-965C-DFB874C4CAE5}.Release|Any CPU.Build.0 = Release|Any CPU
		{930CCF0B-F813-463D-ABA8-8B94361194FF}.Debug|Any CPU.ActiveCfg = Debug|Any CPU
		{930CCF0B-F813-463D-ABA8-8B94361194FF}.Debug|Any CPU.Build.0 = Debug|Any CPU
		{930CCF0B-F813-463D-ABA8-8B94361194FF}.Release|Any CPU.ActiveCfg = Release|Any CPU
		{930CCF0B-F813-463D-ABA8-8B94361194FF}.Release|Any CPU.Build.0 = Release|Any CPU
		{D48F4A30-9AF1-4102-A05A-F25B677BC733}.Debug|Any CPU.ActiveCfg = Debug|Any CPU
		{D48F4A30-9AF1-4102-A05A-F25B677BC733}.Debug|Any CPU.Build.0 = Debug|Any CPU
		{D48F4A30-9AF1-4102-A05A-F25B677BC733}.Release|Any CPU.ActiveCfg = Release|Any CPU
		{D48F4A30-9AF1-4102-A05A-F25B677BC733}.Release|Any CPU.Build.0 = Release|Any CPU
		{804762C8-88EA-457A-9260-2ED05757EEA7}.Debug|Any CPU.ActiveCfg = Debug|Any CPU
		{804762C8-88EA-457A-9260-2ED05757EEA7}.Debug|Any CPU.Build.0 = Debug|Any CPU
		{804762C8-88EA-457A-9260-2ED05757EEA7}.Release|Any CPU.ActiveCfg = Release|Any CPU
		{804762C8-88EA-457A-9260-2ED05757EEA7}.Release|Any CPU.Build.0 = Release|Any CPU
		{DF3F690E-7B47-419B-932E-4DFA5EC0D932}.Debug|Any CPU.ActiveCfg = Debug|Any CPU
		{DF3F690E-7B47-419B-932E-4DFA5EC0D932}.Debug|Any CPU.Build.0 = Debug|Any CPU
		{DF3F690E-7B47-419B-932E-4DFA5EC0D932}.Release|Any CPU.ActiveCfg = Release|Any CPU
		{DF3F690E-7B47-419B-932E-4DFA5EC0D932}.Release|Any CPU.Build.0 = Release|Any CPU
		{F3F8E0FE-1A8F-47B7-800D-089CE8A79DD0}.Debug|Any CPU.ActiveCfg = Debug|Any CPU
		{F3F8E0FE-1A8F-47B7-800D-089CE8A79DD0}.Debug|Any CPU.Build.0 = Debug|Any CPU
		{F3F8E0FE-1A8F-47B7-800D-089CE8A79DD0}.Release|Any CPU.ActiveCfg = Release|Any CPU
		{F3F8E0FE-1A8F-47B7-800D-089CE8A79DD0}.Release|Any CPU.Build.0 = Release|Any CPU
		{ABE0EFD2-FB30-4B23-BF5F-313E2B610400}.Debug|Any CPU.ActiveCfg = Debug|Any CPU
		{ABE0EFD2-FB30-4B23-BF5F-313E2B610400}.Debug|Any CPU.Build.0 = Debug|Any CPU
		{ABE0EFD2-FB30-4B23-BF5F-313E2B610400}.Release|Any CPU.ActiveCfg = Release|Any CPU
		{ABE0EFD2-FB30-4B23-BF5F-313E2B610400}.Release|Any CPU.Build.0 = Release|Any CPU
		{2755E258-DA1E-42E4-9209-1FAEC9230F66}.Debug|Any CPU.ActiveCfg = Debug|Any CPU
		{2755E258-DA1E-42E4-9209-1FAEC9230F66}.Debug|Any CPU.Build.0 = Debug|Any CPU
		{2755E258-DA1E-42E4-9209-1FAEC9230F66}.Release|Any CPU.ActiveCfg = Release|Any CPU
		{2755E258-DA1E-42E4-9209-1FAEC9230F66}.Release|Any CPU.Build.0 = Release|Any CPU
		{07AE48F0-60D5-4FE6-BA76-038CB6B24F39}.Debug|Any CPU.ActiveCfg = Debug|Any CPU
		{07AE48F0-60D5-4FE6-BA76-038CB6B24F39}.Debug|Any CPU.Build.0 = Debug|Any CPU
		{07AE48F0-60D5-4FE6-BA76-038CB6B24F39}.Release|Any CPU.ActiveCfg = Release|Any CPU
		{07AE48F0-60D5-4FE6-BA76-038CB6B24F39}.Release|Any CPU.Build.0 = Release|Any CPU
		{66B38C05-43DC-4673-A0D4-E72E9CC7ECD1}.Debug|Any CPU.ActiveCfg = Debug|Any CPU
		{66B38C05-43DC-4673-A0D4-E72E9CC7ECD1}.Debug|Any CPU.Build.0 = Debug|Any CPU
		{66B38C05-43DC-4673-A0D4-E72E9CC7ECD1}.Release|Any CPU.ActiveCfg = Release|Any CPU
		{66B38C05-43DC-4673-A0D4-E72E9CC7ECD1}.Release|Any CPU.Build.0 = Release|Any CPU
		{4B235871-F169-4D56-A5EB-6CE132A5A9A8}.Debug|Any CPU.ActiveCfg = Debug|Any CPU
		{4B235871-F169-4D56-A5EB-6CE132A5A9A8}.Debug|Any CPU.Build.0 = Debug|Any CPU
		{4B235871-F169-4D56-A5EB-6CE132A5A9A8}.Release|Any CPU.ActiveCfg = Release|Any CPU
		{4B235871-F169-4D56-A5EB-6CE132A5A9A8}.Release|Any CPU.Build.0 = Release|Any CPU
		{50990CD5-DD27-47D0-98B7-495F06DCE970}.Debug|Any CPU.ActiveCfg = Debug|Any CPU
		{50990CD5-DD27-47D0-98B7-495F06DCE970}.Debug|Any CPU.Build.0 = Debug|Any CPU
		{50990CD5-DD27-47D0-98B7-495F06DCE970}.Release|Any CPU.ActiveCfg = Release|Any CPU
		{50990CD5-DD27-47D0-98B7-495F06DCE970}.Release|Any CPU.Build.0 = Release|Any CPU
		{98007A4B-918A-4263-94D8-82DD45AD2968}.Debug|Any CPU.ActiveCfg = Debug|Any CPU
		{98007A4B-918A-4263-94D8-82DD45AD2968}.Debug|Any CPU.Build.0 = Debug|Any CPU
		{98007A4B-918A-4263-94D8-82DD45AD2968}.Release|Any CPU.ActiveCfg = Release|Any CPU
		{98007A4B-918A-4263-94D8-82DD45AD2968}.Release|Any CPU.Build.0 = Release|Any CPU
		{54A40002-1379-4C45-BFB0-059E3559D099}.Debug|Any CPU.ActiveCfg = Debug|Any CPU
		{54A40002-1379-4C45-BFB0-059E3559D099}.Debug|Any CPU.Build.0 = Debug|Any CPU
		{54A40002-1379-4C45-BFB0-059E3559D099}.Release|Any CPU.ActiveCfg = Release|Any CPU
		{54A40002-1379-4C45-BFB0-059E3559D099}.Release|Any CPU.Build.0 = Release|Any CPU
		{AEDE4B55-AD1D-4A32-9D32-164C5EC70227}.Debug|Any CPU.ActiveCfg = Debug|Any CPU
		{AEDE4B55-AD1D-4A32-9D32-164C5EC70227}.Debug|Any CPU.Build.0 = Debug|Any CPU
		{AEDE4B55-AD1D-4A32-9D32-164C5EC70227}.Release|Any CPU.ActiveCfg = Release|Any CPU
		{AEDE4B55-AD1D-4A32-9D32-164C5EC70227}.Release|Any CPU.Build.0 = Release|Any CPU
		{E11ED5D9-E0B1-40A1-AAA1-ABF9EC32CD11}.Debug|Any CPU.ActiveCfg = Debug|Any CPU
		{E11ED5D9-E0B1-40A1-AAA1-ABF9EC32CD11}.Debug|Any CPU.Build.0 = Debug|Any CPU
		{E11ED5D9-E0B1-40A1-AAA1-ABF9EC32CD11}.Release|Any CPU.ActiveCfg = Release|Any CPU
		{E11ED5D9-E0B1-40A1-AAA1-ABF9EC32CD11}.Release|Any CPU.Build.0 = Release|Any CPU
		{5AA76034-DC7E-42F0-A930-B857815F0C15}.Debug|Any CPU.ActiveCfg = Debug|Any CPU
		{5AA76034-DC7E-42F0-A930-B857815F0C15}.Debug|Any CPU.Build.0 = Debug|Any CPU
		{5AA76034-DC7E-42F0-A930-B857815F0C15}.Release|Any CPU.ActiveCfg = Release|Any CPU
		{5AA76034-DC7E-42F0-A930-B857815F0C15}.Release|Any CPU.Build.0 = Release|Any CPU
		{6500C8B5-D702-4309-A670-5558860583C7}.Debug|Any CPU.ActiveCfg = Debug|Any CPU
		{6500C8B5-D702-4309-A670-5558860583C7}.Debug|Any CPU.Build.0 = Debug|Any CPU
		{6500C8B5-D702-4309-A670-5558860583C7}.Release|Any CPU.ActiveCfg = Release|Any CPU
		{6500C8B5-D702-4309-A670-5558860583C7}.Release|Any CPU.Build.0 = Release|Any CPU
		{F9D06E1A-151D-4FD9-9445-34F77E25DC1A}.Debug|Any CPU.ActiveCfg = Debug|Any CPU
		{F9D06E1A-151D-4FD9-9445-34F77E25DC1A}.Debug|Any CPU.Build.0 = Debug|Any CPU
		{F9D06E1A-151D-4FD9-9445-34F77E25DC1A}.Release|Any CPU.ActiveCfg = Release|Any CPU
		{F9D06E1A-151D-4FD9-9445-34F77E25DC1A}.Release|Any CPU.Build.0 = Release|Any CPU
		{C09D4CD6-EBAF-4AC1-A2C9-B100046A81DD}.Debug|Any CPU.ActiveCfg = Debug|Any CPU
		{C09D4CD6-EBAF-4AC1-A2C9-B100046A81DD}.Debug|Any CPU.Build.0 = Debug|Any CPU
		{C09D4CD6-EBAF-4AC1-A2C9-B100046A81DD}.Release|Any CPU.ActiveCfg = Release|Any CPU
		{C09D4CD6-EBAF-4AC1-A2C9-B100046A81DD}.Release|Any CPU.Build.0 = Release|Any CPU
	EndGlobalSection
EndGlobal
